// !$*UTF8*$!
{
	archiveVersion = 1;
	classes = {
	};
	objectVersion = 55;
	objects = {

/* Begin PBXBuildFile section */
		FAA4A09D284E4AA70008CA40 /* AppDelegate.swift in Sources */ = {isa = PBXBuildFile; fileRef = FAA4A09C284E4AA70008CA40 /* AppDelegate.swift */; };
		FAA4A0A9284E4AA90008CA40 /* LaunchScreen.storyboard in Resources */ = {isa = PBXBuildFile; fileRef = FAA4A0A7284E4AA90008CA40 /* LaunchScreen.storyboard */; };
		FAA4A0B2284E4AEF0008CA40 /* HomeViewController.swift in Sources */ = {isa = PBXBuildFile; fileRef = FAA4A0B0284E4AEF0008CA40 /* HomeViewController.swift */; };
		FAA4A0B3284E4AEF0008CA40 /* HomeViewController.xib in Resources */ = {isa = PBXBuildFile; fileRef = FAA4A0B1284E4AEF0008CA40 /* HomeViewController.xib */; };
		FAC598CB2854DA4A009E31C7 /* Asset.xcassets in Resources */ = {isa = PBXBuildFile; fileRef = FAC598CA2854DA4A009E31C7 /* Asset.xcassets */; };
		FAC598CE2854EC5A009E31C7 /* ProfilViewController.swift in Sources */ = {isa = PBXBuildFile; fileRef = FAC598CC2854EC5A009E31C7 /* ProfilViewController.swift */; };
		FAC598CF2854EC5A009E31C7 /* ProfilViewController.xib in Resources */ = {isa = PBXBuildFile; fileRef = FAC598CD2854EC5A009E31C7 /* ProfilViewController.xib */; };
		FAC598D22854F6A1009E31C7 /* ConnectViewController.swift in Sources */ = {isa = PBXBuildFile; fileRef = FAC598D02854F6A1009E31C7 /* ConnectViewController.swift */; };
		FAC598D32854F6A1009E31C7 /* ConnectViewController.xib in Resources */ = {isa = PBXBuildFile; fileRef = FAC598D12854F6A1009E31C7 /* ConnectViewController.xib */; };
/* End PBXBuildFile section */

/* Begin PBXFileReference section */
		FAA4A099284E4AA70008CA40 /* votaction.app */ = {isa = PBXFileReference; explicitFileType = wrapper.application; includeInIndex = 0; path = votaction.app; sourceTree = BUILT_PRODUCTS_DIR; };
		FAA4A09C284E4AA70008CA40 /* AppDelegate.swift */ = {isa = PBXFileReference; lastKnownFileType = sourcecode.swift; path = AppDelegate.swift; sourceTree = "<group>"; };
		FAA4A0A8284E4AA90008CA40 /* Base */ = {isa = PBXFileReference; lastKnownFileType = file.storyboard; name = Base; path = Base.lproj/LaunchScreen.storyboard; sourceTree = "<group>"; };
		FAA4A0AA284E4AA90008CA40 /* Info.plist */ = {isa = PBXFileReference; lastKnownFileType = text.plist.xml; path = Info.plist; sourceTree = "<group>"; };
		FAA4A0B0284E4AEF0008CA40 /* HomeViewController.swift */ = {isa = PBXFileReference; lastKnownFileType = sourcecode.swift; path = HomeViewController.swift; sourceTree = "<group>"; };
		FAA4A0B1284E4AEF0008CA40 /* HomeViewController.xib */ = {isa = PBXFileReference; lastKnownFileType = file.xib; path = HomeViewController.xib; sourceTree = "<group>"; };
		FAC598CA2854DA4A009E31C7 /* Asset.xcassets */ = {isa = PBXFileReference; lastKnownFileType = folder.assetcatalog; name = Asset.xcassets; path = ../Asset.xcassets; sourceTree = "<group>"; };
		FAC598CC2854EC5A009E31C7 /* ProfilViewController.swift */ = {isa = PBXFileReference; lastKnownFileType = sourcecode.swift; path = ProfilViewController.swift; sourceTree = "<group>"; };
		FAC598CD2854EC5A009E31C7 /* ProfilViewController.xib */ = {isa = PBXFileReference; lastKnownFileType = file.xib; path = ProfilViewController.xib; sourceTree = "<group>"; };
		FAC598D02854F6A1009E31C7 /* ConnectViewController.swift */ = {isa = PBXFileReference; lastKnownFileType = sourcecode.swift; path = ConnectViewController.swift; sourceTree = "<group>"; };
		FAC598D12854F6A1009E31C7 /* ConnectViewController.xib */ = {isa = PBXFileReference; lastKnownFileType = file.xib; path = ConnectViewController.xib; sourceTree = "<group>"; };
/* End PBXFileReference section */

/* Begin PBXFrameworksBuildPhase section */
		FAA4A096284E4AA70008CA40 /* Frameworks */ = {
			isa = PBXFrameworksBuildPhase;
			buildActionMask = 2147483647;
			files = (
			);
			runOnlyForDeploymentPostprocessing = 0;
		};
/* End PBXFrameworksBuildPhase section */

/* Begin PBXGroup section */
		FAA4A090284E4AA70008CA40 = {
			isa = PBXGroup;
			children = (
				FAA4A09B284E4AA70008CA40 /* votaction */,
				FAA4A09A284E4AA70008CA40 /* Products */,
			);
			sourceTree = "<group>";
		};
		FAA4A09A284E4AA70008CA40 /* Products */ = {
			isa = PBXGroup;
			children = (
				FAA4A099284E4AA70008CA40 /* votaction.app */,
			);
			name = Products;
			sourceTree = "<group>";
		};
		FAA4A09B284E4AA70008CA40 /* votaction */ = {
			isa = PBXGroup;
			children = (
				FAA4A09C284E4AA70008CA40 /* AppDelegate.swift */,
				FAA4A0A7284E4AA90008CA40 /* LaunchScreen.storyboard */,
				FAA4A0B0284E4AEF0008CA40 /* HomeViewController.swift */,
				FAA4A0B1284E4AEF0008CA40 /* HomeViewController.xib */,
				FAC598CC2854EC5A009E31C7 /* ProfilViewController.swift */,
				FAC598CD2854EC5A009E31C7 /* ProfilViewController.xib */,
				FAC598D02854F6A1009E31C7 /* ConnectViewController.swift */,
				FAC598D12854F6A1009E31C7 /* ConnectViewController.xib */,
				FAA4A0AA284E4AA90008CA40 /* Info.plist */,
				FAC598CA2854DA4A009E31C7 /* Asset.xcassets */,
			);
			path = votaction;
			sourceTree = "<group>";
		};
/* End PBXGroup section */

/* Begin PBXNativeTarget section */
		FAA4A098284E4AA70008CA40 /* votaction */ = {
			isa = PBXNativeTarget;
			buildConfigurationList = FAA4A0AD284E4AA90008CA40 /* Build configuration list for PBXNativeTarget "votaction" */;
			buildPhases = (
				FAA4A095284E4AA70008CA40 /* Sources */,
				FAA4A096284E4AA70008CA40 /* Frameworks */,
				FAA4A097284E4AA70008CA40 /* Resources */,
			);
			buildRules = (
			);
			dependencies = (
			);
			name = votaction;
			productName = votaction;
			productReference = FAA4A099284E4AA70008CA40 /* votaction.app */;
			productType = "com.apple.product-type.application";
		};
/* End PBXNativeTarget section */

/* Begin PBXProject section */
		FAA4A091284E4AA70008CA40 /* Project object */ = {
			isa = PBXProject;
			attributes = {
				BuildIndependentTargetsInParallel = 1;
				LastSwiftUpdateCheck = 1340;
				LastUpgradeCheck = 1340;
				TargetAttributes = {
					FAA4A098284E4AA70008CA40 = {
						CreatedOnToolsVersion = 13.4.1;
					};
				};
			};
			buildConfigurationList = FAA4A094284E4AA70008CA40 /* Build configuration list for PBXProject "votaction" */;
			compatibilityVersion = "Xcode 13.0";
			developmentRegion = en;
			hasScannedForEncodings = 0;
			knownRegions = (
				en,
				Base,
			);
			mainGroup = FAA4A090284E4AA70008CA40;
			productRefGroup = FAA4A09A284E4AA70008CA40 /* Products */;
			projectDirPath = "";
			projectRoot = "";
			targets = (
				FAA4A098284E4AA70008CA40 /* votaction */,
			);
		};
/* End PBXProject section */

/* Begin PBXResourcesBuildPhase section */
		FAA4A097284E4AA70008CA40 /* Resources */ = {
			isa = PBXResourcesBuildPhase;
			buildActionMask = 2147483647;
			files = (
				FAC598CF2854EC5A009E31C7 /* ProfilViewController.xib in Resources */,
				FAC598CB2854DA4A009E31C7 /* Asset.xcassets in Resources */,
				FAC598D32854F6A1009E31C7 /* ConnectViewController.xib in Resources */,
				FAA4A0A9284E4AA90008CA40 /* LaunchScreen.storyboard in Resources */,
				FAA4A0B3284E4AEF0008CA40 /* HomeViewController.xib in Resources */,
			);
			runOnlyForDeploymentPostprocessing = 0;
		};
/* End PBXResourcesBuildPhase section */

/* Begin PBXSourcesBuildPhase section */
		FAA4A095284E4AA70008CA40 /* Sources */ = {
			isa = PBXSourcesBuildPhase;
			buildActionMask = 2147483647;
			files = (
				FAC598CE2854EC5A009E31C7 /* ProfilViewController.swift in Sources */,
				FAA4A09D284E4AA70008CA40 /* AppDelegate.swift in Sources */,
				FAA4A0B2284E4AEF0008CA40 /* HomeViewController.swift in Sources */,
				FAC598D22854F6A1009E31C7 /* ConnectViewController.swift in Sources */,
			);
			runOnlyForDeploymentPostprocessing = 0;
		};
/* End PBXSourcesBuildPhase section */

/* Begin PBXVariantGroup section */
		FAA4A0A7284E4AA90008CA40 /* LaunchScreen.storyboard */ = {
			isa = PBXVariantGroup;
			children = (
				FAA4A0A8284E4AA90008CA40 /* Base */,
			);
			name = LaunchScreen.storyboard;
			sourceTree = "<group>";
		};
/* End PBXVariantGroup section */

/* Begin XCBuildConfiguration section */
		FAA4A0AB284E4AA90008CA40 /* Debug */ = {
			isa = XCBuildConfiguration;
			buildSettings = {
				ALWAYS_SEARCH_USER_PATHS = NO;
				CLANG_ANALYZER_NONNULL = YES;
				CLANG_ANALYZER_NUMBER_OBJECT_CONVERSION = YES_AGGRESSIVE;
				CLANG_CXX_LANGUAGE_STANDARD = "gnu++17";
				CLANG_ENABLE_MODULES = YES;
				CLANG_ENABLE_OBJC_ARC = YES;
				CLANG_ENABLE_OBJC_WEAK = YES;
				CLANG_WARN_BLOCK_CAPTURE_AUTORELEASING = YES;
				CLANG_WARN_BOOL_CONVERSION = YES;
				CLANG_WARN_COMMA = YES;
				CLANG_WARN_CONSTANT_CONVERSION = YES;
				CLANG_WARN_DEPRECATED_OBJC_IMPLEMENTATIONS = YES;
				CLANG_WARN_DIRECT_OBJC_ISA_USAGE = YES_ERROR;
				CLANG_WARN_DOCUMENTATION_COMMENTS = YES;
				CLANG_WARN_EMPTY_BODY = YES;
				CLANG_WARN_ENUM_CONVERSION = YES;
				CLANG_WARN_INFINITE_RECURSION = YES;
				CLANG_WARN_INT_CONVERSION = YES;
				CLANG_WARN_NON_LITERAL_NULL_CONVERSION = YES;
				CLANG_WARN_OBJC_IMPLICIT_RETAIN_SELF = YES;
				CLANG_WARN_OBJC_LITERAL_CONVERSION = YES;
				CLANG_WARN_OBJC_ROOT_CLASS = YES_ERROR;
				CLANG_WARN_QUOTED_INCLUDE_IN_FRAMEWORK_HEADER = YES;
				CLANG_WARN_RANGE_LOOP_ANALYSIS = YES;
				CLANG_WARN_STRICT_PROTOTYPES = YES;
				CLANG_WARN_SUSPICIOUS_MOVE = YES;
				CLANG_WARN_UNGUARDED_AVAILABILITY = YES_AGGRESSIVE;
				CLANG_WARN_UNREACHABLE_CODE = YES;
				CLANG_WARN__DUPLICATE_METHOD_MATCH = YES;
				COPY_PHASE_STRIP = NO;
				DEBUG_INFORMATION_FORMAT = dwarf;
				ENABLE_STRICT_OBJC_MSGSEND = YES;
				ENABLE_TESTABILITY = YES;
				GCC_C_LANGUAGE_STANDARD = gnu11;
				GCC_DYNAMIC_NO_PIC = NO;
				GCC_NO_COMMON_BLOCKS = YES;
				GCC_OPTIMIZATION_LEVEL = 0;
				GCC_PREPROCESSOR_DEFINITIONS = (
					"DEBUG=1",
					"$(inherited)",
				);
				GCC_WARN_64_TO_32_BIT_CONVERSION = YES;
				GCC_WARN_ABOUT_RETURN_TYPE = YES_ERROR;
				GCC_WARN_UNDECLARED_SELECTOR = YES;
				GCC_WARN_UNINITIALIZED_AUTOS = YES_AGGRESSIVE;
				GCC_WARN_UNUSED_FUNCTION = YES;
				GCC_WARN_UNUSED_VARIABLE = YES;
				IPHONEOS_DEPLOYMENT_TARGET = 15.5;
				MTL_ENABLE_DEBUG_INFO = INCLUDE_SOURCE;
				MTL_FAST_MATH = YES;
				ONLY_ACTIVE_ARCH = YES;
				SDKROOT = iphoneos;
				SWIFT_ACTIVE_COMPILATION_CONDITIONS = DEBUG;
				SWIFT_OPTIMIZATION_LEVEL = "-Onone";
			};
			name = Debug;
		};
		FAA4A0AC284E4AA90008CA40 /* Release */ = {
			isa = XCBuildConfiguration;
			buildSettings = {
				ALWAYS_SEARCH_USER_PATHS = NO;
				CLANG_ANALYZER_NONNULL = YES;
				CLANG_ANALYZER_NUMBER_OBJECT_CONVERSION = YES_AGGRESSIVE;
				CLANG_CXX_LANGUAGE_STANDARD = "gnu++17";
				CLANG_ENABLE_MODULES = YES;
				CLANG_ENABLE_OBJC_ARC = YES;
				CLANG_ENABLE_OBJC_WEAK = YES;
				CLANG_WARN_BLOCK_CAPTURE_AUTORELEASING = YES;
				CLANG_WARN_BOOL_CONVERSION = YES;
				CLANG_WARN_COMMA = YES;
				CLANG_WARN_CONSTANT_CONVERSION = YES;
				CLANG_WARN_DEPRECATED_OBJC_IMPLEMENTATIONS = YES;
				CLANG_WARN_DIRECT_OBJC_ISA_USAGE = YES_ERROR;
				CLANG_WARN_DOCUMENTATION_COMMENTS = YES;
				CLANG_WARN_EMPTY_BODY = YES;
				CLANG_WARN_ENUM_CONVERSION = YES;
				CLANG_WARN_INFINITE_RECURSION = YES;
				CLANG_WARN_INT_CONVERSION = YES;
				CLANG_WARN_NON_LITERAL_NULL_CONVERSION = YES;
				CLANG_WARN_OBJC_IMPLICIT_RETAIN_SELF = YES;
				CLANG_WARN_OBJC_LITERAL_CONVERSION = YES;
				CLANG_WARN_OBJC_ROOT_CLASS = YES_ERROR;
				CLANG_WARN_QUOTED_INCLUDE_IN_FRAMEWORK_HEADER = YES;
				CLANG_WARN_RANGE_LOOP_ANALYSIS = YES;
				CLANG_WARN_STRICT_PROTOTYPES = YES;
				CLANG_WARN_SUSPICIOUS_MOVE = YES;
				CLANG_WARN_UNGUARDED_AVAILABILITY = YES_AGGRESSIVE;
				CLANG_WARN_UNREACHABLE_CODE = YES;
				CLANG_WARN__DUPLICATE_METHOD_MATCH = YES;
				COPY_PHASE_STRIP = NO;
				DEBUG_INFORMATION_FORMAT = "dwarf-with-dsym";
				ENABLE_NS_ASSERTIONS = NO;
				ENABLE_STRICT_OBJC_MSGSEND = YES;
				GCC_C_LANGUAGE_STANDARD = gnu11;
				GCC_NO_COMMON_BLOCKS = YES;
				GCC_WARN_64_TO_32_BIT_CONVERSION = YES;
				GCC_WARN_ABOUT_RETURN_TYPE = YES_ERROR;
				GCC_WARN_UNDECLARED_SELECTOR = YES;
				GCC_WARN_UNINITIALIZED_AUTOS = YES_AGGRESSIVE;
				GCC_WARN_UNUSED_FUNCTION = YES;
				GCC_WARN_UNUSED_VARIABLE = YES;
				IPHONEOS_DEPLOYMENT_TARGET = 15.5;
				MTL_ENABLE_DEBUG_INFO = NO;
				MTL_FAST_MATH = YES;
				SDKROOT = iphoneos;
				SWIFT_COMPILATION_MODE = wholemodule;
				SWIFT_OPTIMIZATION_LEVEL = "-O";
				VALIDATE_PRODUCT = YES;
			};
			name = Release;
		};
		FAA4A0AE284E4AA90008CA40 /* Debug */ = {
			isa = XCBuildConfiguration;
			buildSettings = {
				ASSETCATALOG_COMPILER_APPICON_NAME = AppIcon;
				ASSETCATALOG_COMPILER_GLOBAL_ACCENT_COLOR_NAME = AccentColor;
				CODE_SIGN_STYLE = Automatic;
				CURRENT_PROJECT_VERSION = 1;
				DEVELOPMENT_TEAM = Q429U9G5X9;
				GENERATE_INFOPLIST_FILE = YES;
				INFOPLIST_FILE = votaction/Info.plist;
				INFOPLIST_KEY_UIApplicationSupportsIndirectInputEvents = YES;
				INFOPLIST_KEY_UILaunchStoryboardName = LaunchScreen;
				INFOPLIST_KEY_UISupportedInterfaceOrientations_iPad = "UIInterfaceOrientationPortrait UIInterfaceOrientationPortraitUpsideDown UIInterfaceOrientationLandscapeLeft UIInterfaceOrientationLandscapeRight";
				INFOPLIST_KEY_UISupportedInterfaceOrientations_iPhone = "UIInterfaceOrientationPortrait UIInterfaceOrientationLandscapeLeft UIInterfaceOrientationLandscapeRight";
				LD_RUNPATH_SEARCH_PATHS = (
					"$(inherited)",
					"@executable_path/Frameworks",
				);
				MARKETING_VERSION = 1.0;
				PRODUCT_BUNDLE_IDENTIFIER = alex.votaction;
				PRODUCT_NAME = "$(TARGET_NAME)";
				SWIFT_EMIT_LOC_STRINGS = YES;
				SWIFT_VERSION = 5.0;
				TARGETED_DEVICE_FAMILY = "1,2";
			};
			name = Debug;
		};
		FAA4A0AF284E4AA90008CA40 /* Release */ = {
			isa = XCBuildConfiguration;
			buildSettings = {
				ASSETCATALOG_COMPILER_APPICON_NAME = AppIcon;
				ASSETCATALOG_COMPILER_GLOBAL_ACCENT_COLOR_NAME = AccentColor;
				CODE_SIGN_STYLE = Automatic;
				CURRENT_PROJECT_VERSION = 1;
				DEVELOPMENT_TEAM = Q429U9G5X9;
				GENERATE_INFOPLIST_FILE = YES;
				INFOPLIST_FILE = votaction/Info.plist;
				INFOPLIST_KEY_UIApplicationSupportsIndirectInputEvents = YES;
				INFOPLIST_KEY_UILaunchStoryboardName = LaunchScreen;
				INFOPLIST_KEY_UISupportedInterfaceOrientations_iPad = "UIInterfaceOrientationPortrait UIInterfaceOrientationPortraitUpsideDown UIInterfaceOrientationLandscapeLeft UIInterfaceOrientationLandscapeRight";
				INFOPLIST_KEY_UISupportedInterfaceOrientations_iPhone = "UIInterfaceOrientationPortrait UIInterfaceOrientationLandscapeLeft UIInterfaceOrientationLandscapeRight";
				LD_RUNPATH_SEARCH_PATHS = (
					"$(inherited)",
					"@executable_path/Frameworks",
				);
				MARKETING_VERSION = 1.0;
				PRODUCT_BUNDLE_IDENTIFIER = alex.votaction;
				PRODUCT_NAME = "$(TARGET_NAME)";
				SWIFT_EMIT_LOC_STRINGS = YES;
				SWIFT_VERSION = 5.0;
				TARGETED_DEVICE_FAMILY = "1,2";
			};
			name = Release;
		};
/* End XCBuildConfiguration section */

/* Begin XCConfigurationList section */
		FAA4A094284E4AA70008CA40 /* Build configuration list for PBXProject "votaction" */ = {
			isa = XCConfigurationList;
			buildConfigurations = (
				FAA4A0AB284E4AA90008CA40 /* Debug */,
				FAA4A0AC284E4AA90008CA40 /* Release */,
			);
			defaultConfigurationIsVisible = 0;
			defaultConfigurationName = Release;
		};
		FAA4A0AD284E4AA90008CA40 /* Build configuration list for PBXNativeTarget "votaction" */ = {
			isa = XCConfigurationList;
			buildConfigurations = (
				FAA4A0AE284E4AA90008CA40 /* Debug */,
				FAA4A0AF284E4AA90008CA40 /* Release */,
			);
			defaultConfigurationIsVisible = 0;
			defaultConfigurationName = Release;
		};
/* End XCConfigurationList section */
	};
	rootObject = FAA4A091284E4AA70008CA40 /* Project object */;
}
